
Microsoft Visual Studio Solution File, Format Version 11.00
# Visual Studio 2010
Project("{FAE04EC0-301F-11D3-BF4B-00C04F79EFBC}") = "Assembly-CSharp", "Assembly-CSharp.csproj", "{9505839D-61A5-4E3C-7BC3-0FEDA6038102}"
EndProject
Project("{FAE04EC0-301F-11D3-BF4B-00C04F79EFBC}") = "Assembly-CSharp-Editor", "Assembly-CSharp-Editor.csproj", "{573F3E2D-C393-AB0A-C76D-6EDE30432469}"
EndProject
Global
	GlobalSection(SolutionConfigurationPlatforms) = preSolution
		Debug|Any CPU = Debug|Any CPU
		Release|Any CPU = Release|Any CPU
	EndGlobalSection
	GlobalSection(ProjectConfigurationPlatforms) = postSolution
		{9505839D-61A5-4E3C-7BC3-0FEDA6038102}.Debug|Any CPU.ActiveCfg = Debug|Any CPU
		{9505839D-61A5-4E3C-7BC3-0FEDA6038102}.Debug|Any CPU.Build.0 = Debug|Any CPU
		{9505839D-61A5-4E3C-7BC3-0FEDA6038102}.Release|Any CPU.ActiveCfg = Release|Any CPU
		{9505839D-61A5-4E3C-7BC3-0FEDA6038102}.Release|Any CPU.Build.0 = Release|Any CPU
		{573F3E2D-C393-AB0A-C76D-6EDE30432469}.Debug|Any CPU.ActiveCfg = Debug|Any CPU
		{573F3E2D-C393-AB0A-C76D-6EDE30432469}.Debug|Any CPU.Build.0 = Debug|Any CPU
		{573F3E2D-C393-AB0A-C76D-6EDE30432469}.Release|Any CPU.ActiveCfg = Release|Any CPU
		{573F3E2D-C393-AB0A-C76D-6EDE30432469}.Release|Any CPU.Build.0 = Release|Any CPU
	EndGlobalSection
	GlobalSection(SolutionProperties) = preSolution
		HideSolutionNode = FALSE
	EndGlobalSection
EndGlobal
